// !$*UTF8*$!
{
	archiveVersion = 1;
	classes = {
	};
	objectVersion = 55;
	objects = {

/* Begin PBXBuildFile section */
		183D0A8B27EDF164006AFDC3 /* Workout.swift in Sources */ = {isa = PBXBuildFile; fileRef = 183D0A8A27EDF164006AFDC3 /* Workout.swift */; };
		183D0A8D27EDF18D006AFDC3 /* WorkoutRepository.swift in Sources */ = {isa = PBXBuildFile; fileRef = 183D0A8C27EDF18D006AFDC3 /* WorkoutRepository.swift */; };
		183D0A9127EDF328006AFDC3 /* WorkoutListViewModel.swift in Sources */ = {isa = PBXBuildFile; fileRef = 183D0A9027EDF328006AFDC3 /* WorkoutListViewModel.swift */; };
		183D0A9327EDF337006AFDC3 /* WorkoutListView.swift in Sources */ = {isa = PBXBuildFile; fileRef = 183D0A9227EDF337006AFDC3 /* WorkoutListView.swift */; };
		183D0A9727EDF37A006AFDC3 /* WorkoutRepositoryImpl.swift in Sources */ = {isa = PBXBuildFile; fileRef = 183D0A9627EDF37A006AFDC3 /* WorkoutRepositoryImpl.swift */; };
		183D0A9927EDF397006AFDC3 /* WorkoutDataSource.swift in Sources */ = {isa = PBXBuildFile; fileRef = 183D0A9827EDF397006AFDC3 /* WorkoutDataSource.swift */; };
		183D0A9C27EDF3BC006AFDC3 /* WorkoutCoreDataSourceImpl.swift in Sources */ = {isa = PBXBuildFile; fileRef = 183D0A9B27EDF3BC006AFDC3 /* WorkoutCoreDataSourceImpl.swift */; };
		183D0A9F27EDF496006AFDC3 /* WorkoutError.swift in Sources */ = {isa = PBXBuildFile; fileRef = 183D0A9E27EDF496006AFDC3 /* WorkoutError.swift */; };
		183D0AA127EDFA9D006AFDC3 /* GetWorkouts.swift in Sources */ = {isa = PBXBuildFile; fileRef = 183D0AA027EDFA9D006AFDC3 /* GetWorkouts.swift */; };
		183D0AA327EE03AC006AFDC3 /* DeleteWorkout.swift in Sources */ = {isa = PBXBuildFile; fileRef = 183D0AA227EE03AC006AFDC3 /* DeleteWorkout.swift */; };
		18454D4527AD5940002A1E6C /* DMMetric.swift in Sources */ = {isa = PBXBuildFile; fileRef = 18454D4427AD5940002A1E6C /* DMMetric.swift */; };
		18454D4727AD62B1002A1E6C /* ModifyMetricView.swift in Sources */ = {isa = PBXBuildFile; fileRef = 18454D4627AD62B1002A1E6C /* ModifyMetricView.swift */; };
		18454D4927AD6583002A1E6C /* ModifyMetricViewModel.swift in Sources */ = {isa = PBXBuildFile; fileRef = 18454D4827AD6583002A1E6C /* ModifyMetricViewModel.swift */; };
		18454D4B27AD7688002A1E6C /* DataManager+Metric.swift in Sources */ = {isa = PBXBuildFile; fileRef = 18454D4A27AD7688002A1E6C /* DataManager+Metric.swift */; };
		18F7A804274E2D8E0083BA2B /* CeresApp.swift in Sources */ = {isa = PBXBuildFile; fileRef = 18F7A803274E2D8E0083BA2B /* CeresApp.swift */; };
		18F7A806274E2D8E0083BA2B /* WorkoutsView.swift in Sources */ = {isa = PBXBuildFile; fileRef = 18F7A805274E2D8E0083BA2B /* WorkoutsView.swift */; };
		18F7A808274E2D910083BA2B /* Assets.xcassets in Resources */ = {isa = PBXBuildFile; fileRef = 18F7A807274E2D910083BA2B /* Assets.xcassets */; };
		18F7A80B274E2D910083BA2B /* Preview Assets.xcassets in Resources */ = {isa = PBXBuildFile; fileRef = 18F7A80A274E2D910083BA2B /* Preview Assets.xcassets */; };
		18F7A80D274E2D910083BA2B /* Persistence.swift in Sources */ = {isa = PBXBuildFile; fileRef = 18F7A80C274E2D910083BA2B /* Persistence.swift */; };
		18F7A810274E2D910083BA2B /* Ceres.xcdatamodeld in Sources */ = {isa = PBXBuildFile; fileRef = 18F7A80E274E2D910083BA2B /* Ceres.xcdatamodeld */; };
		18F7A81A274E2D910083BA2B /* DataManagerTests.swift in Sources */ = {isa = PBXBuildFile; fileRef = 18F7A819274E2D910083BA2B /* DataManagerTests.swift */; };
		18F7A824274E2D920083BA2B /* CeresUITests.swift in Sources */ = {isa = PBXBuildFile; fileRef = 18F7A823274E2D920083BA2B /* CeresUITests.swift */; };
		18F7A826274E2D920083BA2B /* CeresUITestsLaunchTests.swift in Sources */ = {isa = PBXBuildFile; fileRef = 18F7A825274E2D920083BA2B /* CeresUITestsLaunchTests.swift */; };
		18F7A836274E339C0083BA2B /* CloudKit.framework in Frameworks */ = {isa = PBXBuildFile; fileRef = 18F7A835274E339C0083BA2B /* CloudKit.framework */; };
		18F7A83C274E35200083BA2B /* Persistence+Preview.swift in Sources */ = {isa = PBXBuildFile; fileRef = 18F7A83B274E35200083BA2B /* Persistence+Preview.swift */; };
		18F7A83E274E35BD0083BA2B /* DataManager.swift in Sources */ = {isa = PBXBuildFile; fileRef = 18F7A83D274E35BD0083BA2B /* DataManager.swift */; };
		18F7A840274E611E0083BA2B /* WorkoutsViewModel.swift in Sources */ = {isa = PBXBuildFile; fileRef = 18F7A83F274E611E0083BA2B /* WorkoutsViewModel.swift */; };
		18F7A842274E615C0083BA2B /* DataManager+Workout.swift in Sources */ = {isa = PBXBuildFile; fileRef = 18F7A841274E615C0083BA2B /* DataManager+Workout.swift */; };
		18F7A844274E62960083BA2B /* DMWorkout.swift in Sources */ = {isa = PBXBuildFile; fileRef = 18F7A843274E62960083BA2B /* DMWorkout.swift */; };
		18F7A846274E7E460083BA2B /* ModifyWorkoutView.swift in Sources */ = {isa = PBXBuildFile; fileRef = 18F7A845274E7E460083BA2B /* ModifyWorkoutView.swift */; };
		18F7A848274E87740083BA2B /* ModifyWorkoutViewModel.swift in Sources */ = {isa = PBXBuildFile; fileRef = 18F7A847274E87740083BA2B /* ModifyWorkoutViewModel.swift */; };
		18F7A84B274E8BD60083BA2B /* ClearButton.swift in Sources */ = {isa = PBXBuildFile; fileRef = 18F7A84A274E8BD60083BA2B /* ClearButton.swift */; };
/* End PBXBuildFile section */

/* Begin PBXContainerItemProxy section */
		18F7A816274E2D910083BA2B /* PBXContainerItemProxy */ = {
			isa = PBXContainerItemProxy;
			containerPortal = 18F7A7F8274E2D8E0083BA2B /* Project object */;
			proxyType = 1;
			remoteGlobalIDString = 18F7A7FF274E2D8E0083BA2B;
			remoteInfo = Ceres;
		};
		18F7A820274E2D920083BA2B /* PBXContainerItemProxy */ = {
			isa = PBXContainerItemProxy;
			containerPortal = 18F7A7F8274E2D8E0083BA2B /* Project object */;
			proxyType = 1;
			remoteGlobalIDString = 18F7A7FF274E2D8E0083BA2B;
			remoteInfo = Ceres;
		};
/* End PBXContainerItemProxy section */

/* Begin PBXFileReference section */
		183D0A8A27EDF164006AFDC3 /* Workout.swift */ = {isa = PBXFileReference; lastKnownFileType = sourcecode.swift; path = Workout.swift; sourceTree = "<group>"; };
		183D0A8C27EDF18D006AFDC3 /* WorkoutRepository.swift */ = {isa = PBXFileReference; lastKnownFileType = sourcecode.swift; path = WorkoutRepository.swift; sourceTree = "<group>"; };
		183D0A9027EDF328006AFDC3 /* WorkoutListViewModel.swift */ = {isa = PBXFileReference; lastKnownFileType = sourcecode.swift; path = WorkoutListViewModel.swift; sourceTree = "<group>"; };
		183D0A9227EDF337006AFDC3 /* WorkoutListView.swift */ = {isa = PBXFileReference; lastKnownFileType = sourcecode.swift; path = WorkoutListView.swift; sourceTree = "<group>"; };
		183D0A9627EDF37A006AFDC3 /* WorkoutRepositoryImpl.swift */ = {isa = PBXFileReference; lastKnownFileType = sourcecode.swift; path = WorkoutRepositoryImpl.swift; sourceTree = "<group>"; };
		183D0A9827EDF397006AFDC3 /* WorkoutDataSource.swift */ = {isa = PBXFileReference; lastKnownFileType = sourcecode.swift; path = WorkoutDataSource.swift; sourceTree = "<group>"; };
		183D0A9B27EDF3BC006AFDC3 /* WorkoutCoreDataSourceImpl.swift */ = {isa = PBXFileReference; lastKnownFileType = sourcecode.swift; path = WorkoutCoreDataSourceImpl.swift; sourceTree = "<group>"; };
		183D0A9E27EDF496006AFDC3 /* WorkoutError.swift */ = {isa = PBXFileReference; lastKnownFileType = sourcecode.swift; path = WorkoutError.swift; sourceTree = "<group>"; };
		183D0AA027EDFA9D006AFDC3 /* GetWorkouts.swift */ = {isa = PBXFileReference; lastKnownFileType = sourcecode.swift; path = GetWorkouts.swift; sourceTree = "<group>"; };
		183D0AA227EE03AC006AFDC3 /* DeleteWorkout.swift */ = {isa = PBXFileReference; lastKnownFileType = sourcecode.swift; path = DeleteWorkout.swift; sourceTree = "<group>"; };
		18454D4427AD5940002A1E6C /* DMMetric.swift */ = {isa = PBXFileReference; lastKnownFileType = sourcecode.swift; path = DMMetric.swift; sourceTree = "<group>"; };
		18454D4627AD62B1002A1E6C /* ModifyMetricView.swift */ = {isa = PBXFileReference; lastKnownFileType = sourcecode.swift; path = ModifyMetricView.swift; sourceTree = "<group>"; };
		18454D4827AD6583002A1E6C /* ModifyMetricViewModel.swift */ = {isa = PBXFileReference; lastKnownFileType = sourcecode.swift; path = ModifyMetricViewModel.swift; sourceTree = "<group>"; };
		18454D4A27AD7688002A1E6C /* DataManager+Metric.swift */ = {isa = PBXFileReference; lastKnownFileType = sourcecode.swift; path = "DataManager+Metric.swift"; sourceTree = "<group>"; };
		18F7A800274E2D8E0083BA2B /* Ceres.app */ = {isa = PBXFileReference; explicitFileType = wrapper.application; includeInIndex = 0; path = Ceres.app; sourceTree = BUILT_PRODUCTS_DIR; };
		18F7A803274E2D8E0083BA2B /* CeresApp.swift */ = {isa = PBXFileReference; lastKnownFileType = sourcecode.swift; path = CeresApp.swift; sourceTree = "<group>"; };
		18F7A805274E2D8E0083BA2B /* WorkoutsView.swift */ = {isa = PBXFileReference; lastKnownFileType = sourcecode.swift; path = WorkoutsView.swift; sourceTree = "<group>"; };
		18F7A807274E2D910083BA2B /* Assets.xcassets */ = {isa = PBXFileReference; lastKnownFileType = folder.assetcatalog; path = Assets.xcassets; sourceTree = "<group>"; };
		18F7A80A274E2D910083BA2B /* Preview Assets.xcassets */ = {isa = PBXFileReference; lastKnownFileType = folder.assetcatalog; path = "Preview Assets.xcassets"; sourceTree = "<group>"; };
		18F7A80C274E2D910083BA2B /* Persistence.swift */ = {isa = PBXFileReference; lastKnownFileType = sourcecode.swift; path = Persistence.swift; sourceTree = "<group>"; };
		18F7A80F274E2D910083BA2B /* Ceres.xcdatamodel */ = {isa = PBXFileReference; lastKnownFileType = wrapper.xcdatamodel; path = Ceres.xcdatamodel; sourceTree = "<group>"; };
		18F7A815274E2D910083BA2B /* CeresTests.xctest */ = {isa = PBXFileReference; explicitFileType = wrapper.cfbundle; includeInIndex = 0; path = CeresTests.xctest; sourceTree = BUILT_PRODUCTS_DIR; };
		18F7A819274E2D910083BA2B /* DataManagerTests.swift */ = {isa = PBXFileReference; lastKnownFileType = sourcecode.swift; path = DataManagerTests.swift; sourceTree = "<group>"; };
		18F7A81F274E2D920083BA2B /* CeresUITests.xctest */ = {isa = PBXFileReference; explicitFileType = wrapper.cfbundle; includeInIndex = 0; path = CeresUITests.xctest; sourceTree = BUILT_PRODUCTS_DIR; };
		18F7A823274E2D920083BA2B /* CeresUITests.swift */ = {isa = PBXFileReference; lastKnownFileType = sourcecode.swift; path = CeresUITests.swift; sourceTree = "<group>"; };
		18F7A825274E2D920083BA2B /* CeresUITestsLaunchTests.swift */ = {isa = PBXFileReference; lastKnownFileType = sourcecode.swift; path = CeresUITestsLaunchTests.swift; sourceTree = "<group>"; };
		18F7A835274E339C0083BA2B /* CloudKit.framework */ = {isa = PBXFileReference; lastKnownFileType = wrapper.framework; name = CloudKit.framework; path = System/Library/Frameworks/CloudKit.framework; sourceTree = SDKROOT; };
		18F7A837274E33B30083BA2B /* Info.plist */ = {isa = PBXFileReference; lastKnownFileType = text.plist; path = Info.plist; sourceTree = "<group>"; };
		18F7A838274E33BD0083BA2B /* Ceres.entitlements */ = {isa = PBXFileReference; lastKnownFileType = text.plist.entitlements; path = Ceres.entitlements; sourceTree = "<group>"; };
		18F7A83B274E35200083BA2B /* Persistence+Preview.swift */ = {isa = PBXFileReference; lastKnownFileType = sourcecode.swift; path = "Persistence+Preview.swift"; sourceTree = "<group>"; };
		18F7A83D274E35BD0083BA2B /* DataManager.swift */ = {isa = PBXFileReference; lastKnownFileType = sourcecode.swift; path = DataManager.swift; sourceTree = "<group>"; };
		18F7A83F274E611E0083BA2B /* WorkoutsViewModel.swift */ = {isa = PBXFileReference; lastKnownFileType = sourcecode.swift; path = WorkoutsViewModel.swift; sourceTree = "<group>"; };
		18F7A841274E615C0083BA2B /* DataManager+Workout.swift */ = {isa = PBXFileReference; lastKnownFileType = sourcecode.swift; path = "DataManager+Workout.swift"; sourceTree = "<group>"; };
		18F7A843274E62960083BA2B /* DMWorkout.swift */ = {isa = PBXFileReference; lastKnownFileType = sourcecode.swift; path = DMWorkout.swift; sourceTree = "<group>"; };
		18F7A845274E7E460083BA2B /* ModifyWorkoutView.swift */ = {isa = PBXFileReference; lastKnownFileType = sourcecode.swift; path = ModifyWorkoutView.swift; sourceTree = "<group>"; };
		18F7A847274E87740083BA2B /* ModifyWorkoutViewModel.swift */ = {isa = PBXFileReference; lastKnownFileType = sourcecode.swift; path = ModifyWorkoutViewModel.swift; sourceTree = "<group>"; };
		18F7A84A274E8BD60083BA2B /* ClearButton.swift */ = {isa = PBXFileReference; lastKnownFileType = sourcecode.swift; path = ClearButton.swift; sourceTree = "<group>"; };
/* End PBXFileReference section */

/* Begin PBXFrameworksBuildPhase section */
		18F7A7FD274E2D8E0083BA2B /* Frameworks */ = {
			isa = PBXFrameworksBuildPhase;
			buildActionMask = 2147483647;
			files = (
				18F7A836274E339C0083BA2B /* CloudKit.framework in Frameworks */,
			);
			runOnlyForDeploymentPostprocessing = 0;
		};
		18F7A812274E2D910083BA2B /* Frameworks */ = {
			isa = PBXFrameworksBuildPhase;
			buildActionMask = 2147483647;
			files = (
			);
			runOnlyForDeploymentPostprocessing = 0;
		};
		18F7A81C274E2D920083BA2B /* Frameworks */ = {
			isa = PBXFrameworksBuildPhase;
			buildActionMask = 2147483647;
			files = (
			);
			runOnlyForDeploymentPostprocessing = 0;
		};
/* End PBXFrameworksBuildPhase section */

/* Begin PBXGroup section */
		183D0A8327EDF035006AFDC3 /* Core */ = {
			isa = PBXGroup;
			children = (
			);
			path = Core;
			sourceTree = "<group>";
		};
		183D0A8427EDF041006AFDC3 /* Data */ = {
			isa = PBXGroup;
			children = (
				183D0A9527EDF369006AFDC3 /* Repository */,
				183D0A9427EDF350006AFDC3 /* DataSource */,
			);
			path = Data;
			sourceTree = "<group>";
		};
		183D0A8527EDF04A006AFDC3 /* Domain */ = {
			isa = PBXGroup;
			children = (
				183D0A8727EDF13F006AFDC3 /* Model */,
				183D0A9D27EDF48B006AFDC3 /* Error */,
				183D0A8827EDF145006AFDC3 /* Repository */,
				183D0A8927EDF14F006AFDC3 /* UseCase */,
			);
			path = Domain;
			sourceTree = "<group>";
		};
		183D0A8627EDF053006AFDC3 /* Presentation */ = {
			isa = PBXGroup;
			children = (
				183D0A8E27EDF30B006AFDC3 /* Workout */,
			);
			path = Presentation;
			sourceTree = "<group>";
		};
		183D0A8727EDF13F006AFDC3 /* Model */ = {
			isa = PBXGroup;
			children = (
				183D0A8A27EDF164006AFDC3 /* Workout.swift */,
			);
			path = Model;
			sourceTree = "<group>";
		};
		183D0A8827EDF145006AFDC3 /* Repository */ = {
			isa = PBXGroup;
			children = (
				183D0A8C27EDF18D006AFDC3 /* WorkoutRepository.swift */,
			);
			path = Repository;
			sourceTree = "<group>";
		};
		183D0A8927EDF14F006AFDC3 /* UseCase */ = {
			isa = PBXGroup;
			children = (
				183D0AA027EDFA9D006AFDC3 /* GetWorkouts.swift */,
				183D0AA227EE03AC006AFDC3 /* DeleteWorkout.swift */,
			);
			path = UseCase;
			sourceTree = "<group>";
		};
		183D0A8E27EDF30B006AFDC3 /* Workout */ = {
			isa = PBXGroup;
			children = (
				183D0A8F27EDF310006AFDC3 /* WorkoutList */,
			);
			path = Workout;
			sourceTree = "<group>";
		};
		183D0A8F27EDF310006AFDC3 /* WorkoutList */ = {
			isa = PBXGroup;
			children = (
				183D0A9027EDF328006AFDC3 /* WorkoutListViewModel.swift */,
				183D0A9227EDF337006AFDC3 /* WorkoutListView.swift */,
			);
			path = WorkoutList;
			sourceTree = "<group>";
		};
		183D0A9427EDF350006AFDC3 /* DataSource */ = {
			isa = PBXGroup;
			children = (
				183D0A9827EDF397006AFDC3 /* WorkoutDataSource.swift */,
				183D0A9A27EDF39F006AFDC3 /* CoreData */,
			);
			path = DataSource;
			sourceTree = "<group>";
		};
		183D0A9527EDF369006AFDC3 /* Repository */ = {
			isa = PBXGroup;
			children = (
				183D0A9627EDF37A006AFDC3 /* WorkoutRepositoryImpl.swift */,
			);
			path = Repository;
			sourceTree = "<group>";
		};
		183D0A9A27EDF39F006AFDC3 /* CoreData */ = {
			isa = PBXGroup;
			children = (
				18F7A80E274E2D910083BA2B /* Ceres.xcdatamodeld */,
				183D0A9B27EDF3BC006AFDC3 /* WorkoutCoreDataSourceImpl.swift */,
			);
			path = CoreData;
			sourceTree = "<group>";
		};
		183D0A9D27EDF48B006AFDC3 /* Error */ = {
			isa = PBXGroup;
			children = (
				183D0A9E27EDF496006AFDC3 /* WorkoutError.swift */,
			);
			path = Error;
			sourceTree = "<group>";
		};
		18F7A7F7274E2D8E0083BA2B = {
			isa = PBXGroup;
			children = (
				18F7A802274E2D8E0083BA2B /* Ceres */,
				18F7A818274E2D910083BA2B /* CeresTests */,
				18F7A822274E2D920083BA2B /* CeresUITests */,
				18F7A801274E2D8E0083BA2B /* Products */,
				18F7A834274E339C0083BA2B /* Frameworks */,
			);
			sourceTree = "<group>";
		};
		18F7A801274E2D8E0083BA2B /* Products */ = {
			isa = PBXGroup;
			children = (
				18F7A800274E2D8E0083BA2B /* Ceres.app */,
				18F7A815274E2D910083BA2B /* CeresTests.xctest */,
				18F7A81F274E2D920083BA2B /* CeresUITests.xctest */,
			);
			name = Products;
			sourceTree = "<group>";
		};
		18F7A802274E2D8E0083BA2B /* Ceres */ = {
			isa = PBXGroup;
			children = (
				183D0A8327EDF035006AFDC3 /* Core */,
				183D0A8427EDF041006AFDC3 /* Data */,
				183D0A8527EDF04A006AFDC3 /* Domain */,
				183D0A8627EDF053006AFDC3 /* Presentation */,
				18F7A803274E2D8E0083BA2B /* CeresApp.swift */,
				18F7A83A274E34F60083BA2B /* Views */,
				18F7A839274E34DD0083BA2B /* Data Model */,
				18F7A849274E8BBC0083BA2B /* Helpers */,
				18F7A837274E33B30083BA2B /* Info.plist */,
				18F7A838274E33BD0083BA2B /* Ceres.entitlements */,
				18F7A807274E2D910083BA2B /* Assets.xcassets */,
				18F7A809274E2D910083BA2B /* Preview Content */,
			);
			path = Ceres;
			sourceTree = "<group>";
		};
		18F7A809274E2D910083BA2B /* Preview Content */ = {
			isa = PBXGroup;
			children = (
				18F7A80A274E2D910083BA2B /* Preview Assets.xcassets */,
			);
			path = "Preview Content";
			sourceTree = "<group>";
		};
		18F7A818274E2D910083BA2B /* CeresTests */ = {
			isa = PBXGroup;
			children = (
				18F7A819274E2D910083BA2B /* DataManagerTests.swift */,
			);
			path = CeresTests;
			sourceTree = "<group>";
		};
		18F7A822274E2D920083BA2B /* CeresUITests */ = {
			isa = PBXGroup;
			children = (
				18F7A823274E2D920083BA2B /* CeresUITests.swift */,
				18F7A825274E2D920083BA2B /* CeresUITestsLaunchTests.swift */,
			);
			path = CeresUITests;
			sourceTree = "<group>";
		};
		18F7A834274E339C0083BA2B /* Frameworks */ = {
			isa = PBXGroup;
			children = (
				18F7A835274E339C0083BA2B /* CloudKit.framework */,
			);
			name = Frameworks;
			sourceTree = "<group>";
		};
		18F7A839274E34DD0083BA2B /* Data Model */ = {
			isa = PBXGroup;
			children = (
				18F7A83D274E35BD0083BA2B /* DataManager.swift */,
				18F7A841274E615C0083BA2B /* DataManager+Workout.swift */,
				18454D4A27AD7688002A1E6C /* DataManager+Metric.swift */,
				18F7A843274E62960083BA2B /* DMWorkout.swift */,
				18454D4427AD5940002A1E6C /* DMMetric.swift */,
				18F7A80C274E2D910083BA2B /* Persistence.swift */,
				18F7A83B274E35200083BA2B /* Persistence+Preview.swift */,
			);
			path = "Data Model";
			sourceTree = "<group>";
		};
		18F7A83A274E34F60083BA2B /* Views */ = {
			isa = PBXGroup;
			children = (
				18F7A805274E2D8E0083BA2B /* WorkoutsView.swift */,
				18F7A83F274E611E0083BA2B /* WorkoutsViewModel.swift */,
				18F7A845274E7E460083BA2B /* ModifyWorkoutView.swift */,
				18F7A847274E87740083BA2B /* ModifyWorkoutViewModel.swift */,
				18454D4627AD62B1002A1E6C /* ModifyMetricView.swift */,
				18454D4827AD6583002A1E6C /* ModifyMetricViewModel.swift */,
			);
			path = Views;
			sourceTree = "<group>";
		};
		18F7A849274E8BBC0083BA2B /* Helpers */ = {
			isa = PBXGroup;
			children = (
				18F7A84A274E8BD60083BA2B /* ClearButton.swift */,
			);
			path = Helpers;
			sourceTree = "<group>";
		};
/* End PBXGroup section */

/* Begin PBXNativeTarget section */
		18F7A7FF274E2D8E0083BA2B /* Ceres */ = {
			isa = PBXNativeTarget;
			buildConfigurationList = 18F7A829274E2D920083BA2B /* Build configuration list for PBXNativeTarget "Ceres" */;
			buildPhases = (
				18F7A7FC274E2D8E0083BA2B /* Sources */,
				18F7A7FD274E2D8E0083BA2B /* Frameworks */,
				18F7A7FE274E2D8E0083BA2B /* Resources */,
			);
			buildRules = (
			);
			dependencies = (
			);
			name = Ceres;
			productName = Ceres;
			productReference = 18F7A800274E2D8E0083BA2B /* Ceres.app */;
			productType = "com.apple.product-type.application";
		};
		18F7A814274E2D910083BA2B /* CeresTests */ = {
			isa = PBXNativeTarget;
			buildConfigurationList = 18F7A82C274E2D920083BA2B /* Build configuration list for PBXNativeTarget "CeresTests" */;
			buildPhases = (
				18F7A811274E2D910083BA2B /* Sources */,
				18F7A812274E2D910083BA2B /* Frameworks */,
				18F7A813274E2D910083BA2B /* Resources */,
			);
			buildRules = (
			);
			dependencies = (
				18F7A817274E2D910083BA2B /* PBXTargetDependency */,
			);
			name = CeresTests;
			productName = CeresTests;
			productReference = 18F7A815274E2D910083BA2B /* CeresTests.xctest */;
			productType = "com.apple.product-type.bundle.unit-test";
		};
		18F7A81E274E2D920083BA2B /* CeresUITests */ = {
			isa = PBXNativeTarget;
			buildConfigurationList = 18F7A82F274E2D920083BA2B /* Build configuration list for PBXNativeTarget "CeresUITests" */;
			buildPhases = (
				18F7A81B274E2D920083BA2B /* Sources */,
				18F7A81C274E2D920083BA2B /* Frameworks */,
				18F7A81D274E2D920083BA2B /* Resources */,
			);
			buildRules = (
			);
			dependencies = (
				18F7A821274E2D920083BA2B /* PBXTargetDependency */,
			);
			name = CeresUITests;
			productName = CeresUITests;
			productReference = 18F7A81F274E2D920083BA2B /* CeresUITests.xctest */;
			productType = "com.apple.product-type.bundle.ui-testing";
		};
/* End PBXNativeTarget section */

/* Begin PBXProject section */
		18F7A7F8274E2D8E0083BA2B /* Project object */ = {
			isa = PBXProject;
			attributes = {
				BuildIndependentTargetsInParallel = 1;
				LastSwiftUpdateCheck = 1310;
				LastUpgradeCheck = 1310;
				TargetAttributes = {
					18F7A7FF274E2D8E0083BA2B = {
						CreatedOnToolsVersion = 13.1;
					};
					18F7A814274E2D910083BA2B = {
						CreatedOnToolsVersion = 13.1;
						TestTargetID = 18F7A7FF274E2D8E0083BA2B;
					};
					18F7A81E274E2D920083BA2B = {
						CreatedOnToolsVersion = 13.1;
						TestTargetID = 18F7A7FF274E2D8E0083BA2B;
					};
				};
			};
			buildConfigurationList = 18F7A7FB274E2D8E0083BA2B /* Build configuration list for PBXProject "Ceres" */;
			compatibilityVersion = "Xcode 13.0";
			developmentRegion = en;
			hasScannedForEncodings = 0;
			knownRegions = (
				en,
				Base,
			);
			mainGroup = 18F7A7F7274E2D8E0083BA2B;
			productRefGroup = 18F7A801274E2D8E0083BA2B /* Products */;
			projectDirPath = "";
			projectRoot = "";
			targets = (
				18F7A7FF274E2D8E0083BA2B /* Ceres */,
				18F7A814274E2D910083BA2B /* CeresTests */,
				18F7A81E274E2D920083BA2B /* CeresUITests */,
			);
		};
/* End PBXProject section */

/* Begin PBXResourcesBuildPhase section */
		18F7A7FE274E2D8E0083BA2B /* Resources */ = {
			isa = PBXResourcesBuildPhase;
			buildActionMask = 2147483647;
			files = (
				18F7A80B274E2D910083BA2B /* Preview Assets.xcassets in Resources */,
				18F7A808274E2D910083BA2B /* Assets.xcassets in Resources */,
			);
			runOnlyForDeploymentPostprocessing = 0;
		};
		18F7A813274E2D910083BA2B /* Resources */ = {
			isa = PBXResourcesBuildPhase;
			buildActionMask = 2147483647;
			files = (
			);
			runOnlyForDeploymentPostprocessing = 0;
		};
		18F7A81D274E2D920083BA2B /* Resources */ = {
			isa = PBXResourcesBuildPhase;
			buildActionMask = 2147483647;
			files = (
			);
			runOnlyForDeploymentPostprocessing = 0;
		};
/* End PBXResourcesBuildPhase section */

/* Begin PBXSourcesBuildPhase section */
		18F7A7FC274E2D8E0083BA2B /* Sources */ = {
			isa = PBXSourcesBuildPhase;
			buildActionMask = 2147483647;
			files = (
				18F7A848274E87740083BA2B /* ModifyWorkoutViewModel.swift in Sources */,
				18F7A810274E2D910083BA2B /* Ceres.xcdatamodeld in Sources */,
				183D0AA327EE03AC006AFDC3 /* DeleteWorkout.swift in Sources */,
				183D0A9327EDF337006AFDC3 /* WorkoutListView.swift in Sources */,
				18454D4527AD5940002A1E6C /* DMMetric.swift in Sources */,
				18454D4927AD6583002A1E6C /* ModifyMetricViewModel.swift in Sources */,
				18F7A844274E62960083BA2B /* DMWorkout.swift in Sources */,
				18F7A83E274E35BD0083BA2B /* DataManager.swift in Sources */,
				18F7A840274E611E0083BA2B /* WorkoutsViewModel.swift in Sources */,
				183D0A9C27EDF3BC006AFDC3 /* WorkoutCoreDataSourceImpl.swift in Sources */,
				183D0A9927EDF397006AFDC3 /* WorkoutDataSource.swift in Sources */,
				183D0AA127EDFA9D006AFDC3 /* GetWorkouts.swift in Sources */,
				183D0A9F27EDF496006AFDC3 /* WorkoutError.swift in Sources */,
				18454D4B27AD7688002A1E6C /* DataManager+Metric.swift in Sources */,
				18F7A80D274E2D910083BA2B /* Persistence.swift in Sources */,
				18F7A806274E2D8E0083BA2B /* WorkoutsView.swift in Sources */,
				18F7A84B274E8BD60083BA2B /* ClearButton.swift in Sources */,
				183D0A9727EDF37A006AFDC3 /* WorkoutRepositoryImpl.swift in Sources */,
				18F7A846274E7E460083BA2B /* ModifyWorkoutView.swift in Sources */,
				18F7A804274E2D8E0083BA2B /* CeresApp.swift in Sources */,
				183D0A8D27EDF18D006AFDC3 /* WorkoutRepository.swift in Sources */,
				18F7A83C274E35200083BA2B /* Persistence+Preview.swift in Sources */,
				18454D4727AD62B1002A1E6C /* ModifyMetricView.swift in Sources */,
				183D0A8B27EDF164006AFDC3 /* Workout.swift in Sources */,
				18F7A842274E615C0083BA2B /* DataManager+Workout.swift in Sources */,
				183D0A9127EDF328006AFDC3 /* WorkoutListViewModel.swift in Sources */,
			);
			runOnlyForDeploymentPostprocessing = 0;
		};
		18F7A811274E2D910083BA2B /* Sources */ = {
			isa = PBXSourcesBuildPhase;
			buildActionMask = 2147483647;
			files = (
				18F7A81A274E2D910083BA2B /* DataManagerTests.swift in Sources */,
			);
			runOnlyForDeploymentPostprocessing = 0;
		};
		18F7A81B274E2D920083BA2B /* Sources */ = {
			isa = PBXSourcesBuildPhase;
			buildActionMask = 2147483647;
			files = (
				18F7A824274E2D920083BA2B /* CeresUITests.swift in Sources */,
				18F7A826274E2D920083BA2B /* CeresUITestsLaunchTests.swift in Sources */,
			);
			runOnlyForDeploymentPostprocessing = 0;
		};
/* End PBXSourcesBuildPhase section */

/* Begin PBXTargetDependency section */
		18F7A817274E2D910083BA2B /* PBXTargetDependency */ = {
			isa = PBXTargetDependency;
			target = 18F7A7FF274E2D8E0083BA2B /* Ceres */;
			targetProxy = 18F7A816274E2D910083BA2B /* PBXContainerItemProxy */;
		};
		18F7A821274E2D920083BA2B /* PBXTargetDependency */ = {
			isa = PBXTargetDependency;
			target = 18F7A7FF274E2D8E0083BA2B /* Ceres */;
			targetProxy = 18F7A820274E2D920083BA2B /* PBXContainerItemProxy */;
		};
/* End PBXTargetDependency section */

/* Begin XCBuildConfiguration section */
		18F7A827274E2D920083BA2B /* Debug */ = {
			isa = XCBuildConfiguration;
			buildSettings = {
				ALWAYS_SEARCH_USER_PATHS = NO;
				CLANG_ANALYZER_NONNULL = YES;
				CLANG_ANALYZER_NUMBER_OBJECT_CONVERSION = YES_AGGRESSIVE;
				CLANG_CXX_LANGUAGE_STANDARD = "gnu++17";
				CLANG_CXX_LIBRARY = "libc++";
				CLANG_ENABLE_MODULES = YES;
				CLANG_ENABLE_OBJC_ARC = YES;
				CLANG_ENABLE_OBJC_WEAK = YES;
				CLANG_WARN_BLOCK_CAPTURE_AUTORELEASING = YES;
				CLANG_WARN_BOOL_CONVERSION = YES;
				CLANG_WARN_COMMA = YES;
				CLANG_WARN_CONSTANT_CONVERSION = YES;
				CLANG_WARN_DEPRECATED_OBJC_IMPLEMENTATIONS = YES;
				CLANG_WARN_DIRECT_OBJC_ISA_USAGE = YES_ERROR;
				CLANG_WARN_DOCUMENTATION_COMMENTS = YES;
				CLANG_WARN_EMPTY_BODY = YES;
				CLANG_WARN_ENUM_CONVERSION = YES;
				CLANG_WARN_INFINITE_RECURSION = YES;
				CLANG_WARN_INT_CONVERSION = YES;
				CLANG_WARN_NON_LITERAL_NULL_CONVERSION = YES;
				CLANG_WARN_OBJC_IMPLICIT_RETAIN_SELF = YES;
				CLANG_WARN_OBJC_LITERAL_CONVERSION = YES;
				CLANG_WARN_OBJC_ROOT_CLASS = YES_ERROR;
				CLANG_WARN_QUOTED_INCLUDE_IN_FRAMEWORK_HEADER = YES;
				CLANG_WARN_RANGE_LOOP_ANALYSIS = YES;
				CLANG_WARN_STRICT_PROTOTYPES = YES;
				CLANG_WARN_SUSPICIOUS_MOVE = YES;
				CLANG_WARN_UNGUARDED_AVAILABILITY = YES_AGGRESSIVE;
				CLANG_WARN_UNREACHABLE_CODE = YES;
				CLANG_WARN__DUPLICATE_METHOD_MATCH = YES;
				COPY_PHASE_STRIP = NO;
				DEBUG_INFORMATION_FORMAT = dwarf;
				ENABLE_STRICT_OBJC_MSGSEND = YES;
				ENABLE_TESTABILITY = YES;
				GCC_C_LANGUAGE_STANDARD = gnu11;
				GCC_DYNAMIC_NO_PIC = NO;
				GCC_NO_COMMON_BLOCKS = YES;
				GCC_OPTIMIZATION_LEVEL = 0;
				GCC_PREPROCESSOR_DEFINITIONS = (
					"DEBUG=1",
					"$(inherited)",
				);
				GCC_WARN_64_TO_32_BIT_CONVERSION = YES;
				GCC_WARN_ABOUT_RETURN_TYPE = YES_ERROR;
				GCC_WARN_UNDECLARED_SELECTOR = YES;
				GCC_WARN_UNINITIALIZED_AUTOS = YES_AGGRESSIVE;
				GCC_WARN_UNUSED_FUNCTION = YES;
				GCC_WARN_UNUSED_VARIABLE = YES;
				IPHONEOS_DEPLOYMENT_TARGET = 15.0;
				MTL_ENABLE_DEBUG_INFO = INCLUDE_SOURCE;
				MTL_FAST_MATH = YES;
				ONLY_ACTIVE_ARCH = YES;
				SDKROOT = iphoneos;
				SWIFT_ACTIVE_COMPILATION_CONDITIONS = DEBUG;
				SWIFT_OPTIMIZATION_LEVEL = "-Onone";
			};
			name = Debug;
		};
		18F7A828274E2D920083BA2B /* Release */ = {
			isa = XCBuildConfiguration;
			buildSettings = {
				ALWAYS_SEARCH_USER_PATHS = NO;
				CLANG_ANALYZER_NONNULL = YES;
				CLANG_ANALYZER_NUMBER_OBJECT_CONVERSION = YES_AGGRESSIVE;
				CLANG_CXX_LANGUAGE_STANDARD = "gnu++17";
				CLANG_CXX_LIBRARY = "libc++";
				CLANG_ENABLE_MODULES = YES;
				CLANG_ENABLE_OBJC_ARC = YES;
				CLANG_ENABLE_OBJC_WEAK = YES;
				CLANG_WARN_BLOCK_CAPTURE_AUTORELEASING = YES;
				CLANG_WARN_BOOL_CONVERSION = YES;
				CLANG_WARN_COMMA = YES;
				CLANG_WARN_CONSTANT_CONVERSION = YES;
				CLANG_WARN_DEPRECATED_OBJC_IMPLEMENTATIONS = YES;
				CLANG_WARN_DIRECT_OBJC_ISA_USAGE = YES_ERROR;
				CLANG_WARN_DOCUMENTATION_COMMENTS = YES;
				CLANG_WARN_EMPTY_BODY = YES;
				CLANG_WARN_ENUM_CONVERSION = YES;
				CLANG_WARN_INFINITE_RECURSION = YES;
				CLANG_WARN_INT_CONVERSION = YES;
				CLANG_WARN_NON_LITERAL_NULL_CONVERSION = YES;
				CLANG_WARN_OBJC_IMPLICIT_RETAIN_SELF = YES;
				CLANG_WARN_OBJC_LITERAL_CONVERSION = YES;
				CLANG_WARN_OBJC_ROOT_CLASS = YES_ERROR;
				CLANG_WARN_QUOTED_INCLUDE_IN_FRAMEWORK_HEADER = YES;
				CLANG_WARN_RANGE_LOOP_ANALYSIS = YES;
				CLANG_WARN_STRICT_PROTOTYPES = YES;
				CLANG_WARN_SUSPICIOUS_MOVE = YES;
				CLANG_WARN_UNGUARDED_AVAILABILITY = YES_AGGRESSIVE;
				CLANG_WARN_UNREACHABLE_CODE = YES;
				CLANG_WARN__DUPLICATE_METHOD_MATCH = YES;
				COPY_PHASE_STRIP = NO;
				DEBUG_INFORMATION_FORMAT = "dwarf-with-dsym";
				ENABLE_NS_ASSERTIONS = NO;
				ENABLE_STRICT_OBJC_MSGSEND = YES;
				GCC_C_LANGUAGE_STANDARD = gnu11;
				GCC_NO_COMMON_BLOCKS = YES;
				GCC_WARN_64_TO_32_BIT_CONVERSION = YES;
				GCC_WARN_ABOUT_RETURN_TYPE = YES_ERROR;
				GCC_WARN_UNDECLARED_SELECTOR = YES;
				GCC_WARN_UNINITIALIZED_AUTOS = YES_AGGRESSIVE;
				GCC_WARN_UNUSED_FUNCTION = YES;
				GCC_WARN_UNUSED_VARIABLE = YES;
				IPHONEOS_DEPLOYMENT_TARGET = 15.0;
				MTL_ENABLE_DEBUG_INFO = NO;
				MTL_FAST_MATH = YES;
				SDKROOT = iphoneos;
				SWIFT_COMPILATION_MODE = wholemodule;
				SWIFT_OPTIMIZATION_LEVEL = "-O";
				VALIDATE_PRODUCT = YES;
			};
			name = Release;
		};
		18F7A82A274E2D920083BA2B /* Debug */ = {
			isa = XCBuildConfiguration;
			buildSettings = {
				ASSETCATALOG_COMPILER_APPICON_NAME = AppIcon;
				ASSETCATALOG_COMPILER_GLOBAL_ACCENT_COLOR_NAME = AccentColor;
				CODE_SIGN_ENTITLEMENTS = Ceres/Ceres.entitlements;
				CODE_SIGN_STYLE = Automatic;
				CURRENT_PROJECT_VERSION = 1;
				DEVELOPMENT_ASSET_PATHS = "\"Ceres/Preview Content\"";
				DEVELOPMENT_TEAM = 347QD86WM7;
				ENABLE_PREVIEWS = YES;
				GENERATE_INFOPLIST_FILE = YES;
				INFOPLIST_FILE = Ceres/Info.plist;
				INFOPLIST_KEY_UIApplicationSceneManifest_Generation = YES;
				INFOPLIST_KEY_UIApplicationSupportsIndirectInputEvents = YES;
				INFOPLIST_KEY_UILaunchScreen_Generation = YES;
				INFOPLIST_KEY_UISupportedInterfaceOrientations = UIInterfaceOrientationPortrait;
				INFOPLIST_KEY_UISupportedInterfaceOrientations_iPad = "UIInterfaceOrientationPortrait UIInterfaceOrientationPortraitUpsideDown UIInterfaceOrientationLandscapeLeft UIInterfaceOrientationLandscapeRight";
				INFOPLIST_KEY_UISupportedInterfaceOrientations_iPhone = UIInterfaceOrientationPortrait;
				LD_RUNPATH_SEARCH_PATHS = (
					"$(inherited)",
					"@executable_path/Frameworks",
				);
				MARKETING_VERSION = 0.1;
				PRODUCT_BUNDLE_IDENTIFIER = eu.edmumatu.Ceres;
				PRODUCT_NAME = "$(TARGET_NAME)";
				SWIFT_EMIT_LOC_STRINGS = YES;
				SWIFT_VERSION = 5.0;
				TARGETED_DEVICE_FAMILY = 1;
			};
			name = Debug;
		};
		18F7A82B274E2D920083BA2B /* Release */ = {
			isa = XCBuildConfiguration;
			buildSettings = {
				ASSETCATALOG_COMPILER_APPICON_NAME = AppIcon;
				ASSETCATALOG_COMPILER_GLOBAL_ACCENT_COLOR_NAME = AccentColor;
				CODE_SIGN_ENTITLEMENTS = Ceres/Ceres.entitlements;
				CODE_SIGN_STYLE = Automatic;
				CURRENT_PROJECT_VERSION = 1;
				DEVELOPMENT_ASSET_PATHS = "\"Ceres/Preview Content\"";
				DEVELOPMENT_TEAM = 347QD86WM7;
				ENABLE_PREVIEWS = YES;
				GENERATE_INFOPLIST_FILE = YES;
				INFOPLIST_FILE = Ceres/Info.plist;
				INFOPLIST_KEY_UIApplicationSceneManifest_Generation = YES;
				INFOPLIST_KEY_UIApplicationSupportsIndirectInputEvents = YES;
				INFOPLIST_KEY_UILaunchScreen_Generation = YES;
				INFOPLIST_KEY_UISupportedInterfaceOrientations = UIInterfaceOrientationPortrait;
				INFOPLIST_KEY_UISupportedInterfaceOrientations_iPad = "UIInterfaceOrientationPortrait UIInterfaceOrientationPortraitUpsideDown UIInterfaceOrientationLandscapeLeft UIInterfaceOrientationLandscapeRight";
				INFOPLIST_KEY_UISupportedInterfaceOrientations_iPhone = UIInterfaceOrientationPortrait;
				LD_RUNPATH_SEARCH_PATHS = (
					"$(inherited)",
					"@executable_path/Frameworks",
				);
				MARKETING_VERSION = 0.1;
				PRODUCT_BUNDLE_IDENTIFIER = eu.edmumatu.Ceres;
				PRODUCT_NAME = "$(TARGET_NAME)";
				SWIFT_EMIT_LOC_STRINGS = YES;
				SWIFT_VERSION = 5.0;
				TARGETED_DEVICE_FAMILY = 1;
			};
			name = Release;
		};
		18F7A82D274E2D920083BA2B /* Debug */ = {
			isa = XCBuildConfiguration;
			buildSettings = {
				ALWAYS_EMBED_SWIFT_STANDARD_LIBRARIES = YES;
				BUNDLE_LOADER = "$(TEST_HOST)";
				CODE_SIGN_STYLE = Automatic;
				CURRENT_PROJECT_VERSION = 1;
				DEVELOPMENT_TEAM = 347QD86WM7;
				GENERATE_INFOPLIST_FILE = YES;
				IPHONEOS_DEPLOYMENT_TARGET = 15.0;
				LD_RUNPATH_SEARCH_PATHS = (
					"$(inherited)",
					"@executable_path/Frameworks",
					"@loader_path/Frameworks",
				);
				MARKETING_VERSION = 1.0;
				PRODUCT_BUNDLE_IDENTIFIER = eu.edmumatu.CeresTests;
				PRODUCT_NAME = "$(TARGET_NAME)";
				SWIFT_EMIT_LOC_STRINGS = NO;
				SWIFT_VERSION = 5.0;
				TARGETED_DEVICE_FAMILY = "1,2";
				TEST_HOST = "$(BUILT_PRODUCTS_DIR)/Ceres.app/Ceres";
			};
			name = Debug;
		};
		18F7A82E274E2D920083BA2B /* Release */ = {
			isa = XCBuildConfiguration;
			buildSettings = {
				ALWAYS_EMBED_SWIFT_STANDARD_LIBRARIES = YES;
				BUNDLE_LOADER = "$(TEST_HOST)";
				CODE_SIGN_STYLE = Automatic;
				CURRENT_PROJECT_VERSION = 1;
				DEVELOPMENT_TEAM = 347QD86WM7;
				GENERATE_INFOPLIST_FILE = YES;
				IPHONEOS_DEPLOYMENT_TARGET = 15.0;
				LD_RUNPATH_SEARCH_PATHS = (
					"$(inherited)",
					"@executable_path/Frameworks",
					"@loader_path/Frameworks",
				);
				MARKETING_VERSION = 1.0;
				PRODUCT_BUNDLE_IDENTIFIER = eu.edmumatu.CeresTests;
				PRODUCT_NAME = "$(TARGET_NAME)";
				SWIFT_EMIT_LOC_STRINGS = NO;
				SWIFT_VERSION = 5.0;
				TARGETED_DEVICE_FAMILY = "1,2";
				TEST_HOST = "$(BUILT_PRODUCTS_DIR)/Ceres.app/Ceres";
			};
			name = Release;
		};
		18F7A830274E2D920083BA2B /* Debug */ = {
			isa = XCBuildConfiguration;
			buildSettings = {
				ALWAYS_EMBED_SWIFT_STANDARD_LIBRARIES = YES;
				CODE_SIGN_STYLE = Automatic;
				CURRENT_PROJECT_VERSION = 1;
				DEVELOPMENT_TEAM = 347QD86WM7;
				GENERATE_INFOPLIST_FILE = YES;
				LD_RUNPATH_SEARCH_PATHS = (
					"$(inherited)",
					"@executable_path/Frameworks",
					"@loader_path/Frameworks",
				);
				MARKETING_VERSION = 1.0;
				PRODUCT_BUNDLE_IDENTIFIER = eu.edmumatu.CeresUITests;
				PRODUCT_NAME = "$(TARGET_NAME)";
				SWIFT_EMIT_LOC_STRINGS = NO;
				SWIFT_VERSION = 5.0;
				TARGETED_DEVICE_FAMILY = "1,2";
				TEST_TARGET_NAME = Ceres;
			};
			name = Debug;
		};
		18F7A831274E2D920083BA2B /* Release */ = {
			isa = XCBuildConfiguration;
			buildSettings = {
				ALWAYS_EMBED_SWIFT_STANDARD_LIBRARIES = YES;
				CODE_SIGN_STYLE = Automatic;
				CURRENT_PROJECT_VERSION = 1;
				DEVELOPMENT_TEAM = 347QD86WM7;
				GENERATE_INFOPLIST_FILE = YES;
				LD_RUNPATH_SEARCH_PATHS = (
					"$(inherited)",
					"@executable_path/Frameworks",
					"@loader_path/Frameworks",
				);
				MARKETING_VERSION = 1.0;
				PRODUCT_BUNDLE_IDENTIFIER = eu.edmumatu.CeresUITests;
				PRODUCT_NAME = "$(TARGET_NAME)";
				SWIFT_EMIT_LOC_STRINGS = NO;
				SWIFT_VERSION = 5.0;
				TARGETED_DEVICE_FAMILY = "1,2";
				TEST_TARGET_NAME = Ceres;
			};
			name = Release;
		};
/* End XCBuildConfiguration section */

/* Begin XCConfigurationList section */
		18F7A7FB274E2D8E0083BA2B /* Build configuration list for PBXProject "Ceres" */ = {
			isa = XCConfigurationList;
			buildConfigurations = (
				18F7A827274E2D920083BA2B /* Debug */,
				18F7A828274E2D920083BA2B /* Release */,
			);
			defaultConfigurationIsVisible = 0;
			defaultConfigurationName = Release;
		};
		18F7A829274E2D920083BA2B /* Build configuration list for PBXNativeTarget "Ceres" */ = {
			isa = XCConfigurationList;
			buildConfigurations = (
				18F7A82A274E2D920083BA2B /* Debug */,
				18F7A82B274E2D920083BA2B /* Release */,
			);
			defaultConfigurationIsVisible = 0;
			defaultConfigurationName = Release;
		};
		18F7A82C274E2D920083BA2B /* Build configuration list for PBXNativeTarget "CeresTests" */ = {
			isa = XCConfigurationList;
			buildConfigurations = (
				18F7A82D274E2D920083BA2B /* Debug */,
				18F7A82E274E2D920083BA2B /* Release */,
			);
			defaultConfigurationIsVisible = 0;
			defaultConfigurationName = Release;
		};
		18F7A82F274E2D920083BA2B /* Build configuration list for PBXNativeTarget "CeresUITests" */ = {
			isa = XCConfigurationList;
			buildConfigurations = (
				18F7A830274E2D920083BA2B /* Debug */,
				18F7A831274E2D920083BA2B /* Release */,
			);
			defaultConfigurationIsVisible = 0;
			defaultConfigurationName = Release;
		};
/* End XCConfigurationList section */

/* Begin XCVersionGroup section */
		18F7A80E274E2D910083BA2B /* Ceres.xcdatamodeld */ = {
			isa = XCVersionGroup;
			children = (
				18F7A80F274E2D910083BA2B /* Ceres.xcdatamodel */,
			);
			currentVersion = 18F7A80F274E2D910083BA2B /* Ceres.xcdatamodel */;
			path = Ceres.xcdatamodeld;
			sourceTree = "<group>";
			versionGroupType = wrapper.xcdatamodel;
		};
/* End XCVersionGroup section */
	};
	rootObject = 18F7A7F8274E2D8E0083BA2B /* Project object */;
}
